{
  "requires": true,
  "lockfileVersion": 1,
  "dependencies": {
    "clone": {
      "version": "2.1.2",
      "resolved": "https://registry.npm.taobao.org/clone/download/clone-2.1.2.tgz",
      "integrity": "sha1-G39Ln1kfHo+DZwQBYANFoCiHQ18="
    },
    "deep-equal": {
      "version": "1.1.1",
      "resolved": "https://registry.npm.taobao.org/deep-equal/download/deep-equal-1.1.1.tgz",
      "integrity": "sha1-tcmMlCzv+vfLBR4k4UNKJaLmB2o=",
      "requires": {
        "is-arguments": "1.0.4",
        "is-date-object": "1.0.2",
        "is-regex": "1.0.5",
        "object-is": "1.0.2",
        "object-keys": "1.1.1",
        "regexp.prototype.flags": "1.3.0"
      }
    },
    "define-properties": {
      "version": "1.1.3",
      "resolved": "https://registry.npm.taobao.org/define-properties/download/define-properties-1.1.3.tgz",
      "integrity": "sha1-z4jabL7ib+bbcJT2HYcMvYTO6fE=",
      "requires": {
        "object-keys": "1.1.1"
      }
    },
    "es-abstract": {
      "version": "1.17.4",
      "resolved": "https://registry.npm.taobao.org/es-abstract/download/es-abstract-1.17.4.tgz?cache=0&sync_timestamp=1579624493239&other_urls=https%3A%2F%2Fregistry.npm.taobao.org%2Fes-abstract%2Fdownload%2Fes-abstract-1.17.4.tgz",
      "integrity": "sha1-467fGXBrIOfCWUw1/A1XYFp54YQ=",
      "requires": {
        "es-to-primitive": "1.2.1",
        "function-bind": "1.1.1",
        "has": "1.0.3",
        "has-symbols": "1.0.1",
        "is-callable": "1.1.5",
        "is-regex": "1.0.5",
        "object-inspect": "1.7.0",
        "object-keys": "1.1.1",
        "object.assign": "4.1.0",
        "string.prototype.trimleft": "2.1.1",
        "string.prototype.trimright": "2.1.1"
      }
    },
    "es-to-primitive": {
      "version": "1.2.1",
      "resolved": "https://registry.npm.taobao.org/es-to-primitive/download/es-to-primitive-1.2.1.tgz",
      "integrity": "sha1-5VzUyc3BiLzvsDs2bHNjI/xciYo=",
      "requires": {
        "is-callable": "1.1.5",
        "is-date-object": "1.0.2",
        "is-symbol": "1.0.3"
      }
    },
    "eventemitter3": {
      "version": "2.0.3",
      "resolved": "https://registry.npm.taobao.org/eventemitter3/download/eventemitter3-2.0.3.tgz?cache=0&sync_timestamp=1560950873670&other_urls=https%3A%2F%2Fregistry.npm.taobao.org%2Feventemitter3%2Fdownload%2Feventemitter3-2.0.3.tgz",
      "integrity": "sha1-teEHm1n7XhuidxwKmTvgYKWMmbo="
    },
    "extend": {
      "version": "3.0.2",
      "resolved": "https://registry.npm.taobao.org/extend/download/extend-3.0.2.tgz",
      "integrity": "sha1-+LETa0Bx+9jrFAr/hYsQGewpFfo="
    },
    "fast-diff": {
      "version": "1.1.2",
      "resolved": "https://registry.npm.taobao.org/fast-diff/download/fast-diff-1.1.2.tgz",
      "integrity": "sha1-S2LEK44D3j+EhGC2OQeZIGldAVQ="
    },
    "function-bind": {
      "version": "1.1.1",
      "resolved": "https://registry.npm.taobao.org/function-bind/download/function-bind-1.1.1.tgz",
      "integrity": "sha1-pWiZ0+o8m6uHS7l3O3xe3pL0iV0="
    },
    "has": {
      "version": "1.0.3",
      "resolved": "https://registry.npm.taobao.org/has/download/has-1.0.3.tgz",
      "integrity": "sha1-ci18v8H2qoJB8W3YFOAR4fQeh5Y=",
      "requires": {
        "function-bind": "1.1.1"
      }
    },
    "has-symbols": {
      "version": "1.0.1",
      "resolved": "https://registry.npm.taobao.org/has-symbols/download/has-symbols-1.0.1.tgz?cache=0&sync_timestamp=1573950719586&other_urls=https%3A%2F%2Fregistry.npm.taobao.org%2Fhas-symbols%2Fdownload%2Fhas-symbols-1.0.1.tgz",
      "integrity": "sha1-n1IUdYpEGWxAbZvXbOv4HsLdMeg="
    },
    "is-arguments": {
      "version": "1.0.4",
      "resolved": "https://registry.npm.taobao.org/is-arguments/download/is-arguments-1.0.4.tgz",
      "integrity": "sha1-P6+WbHy6D/Q3+zH2JQCC/PBEjPM="
    },
    "is-callable": {
      "version": "1.1.5",
      "resolved": "https://registry.npm.taobao.org/is-callable/download/is-callable-1.1.5.tgz?cache=0&other_urls=https%3A%2F%2Fregistry.npm.taobao.org%2Fis-callable%2Fdownload%2Fis-callable-1.1.5.tgz",
      "integrity": "sha1-9+RrWWiQRW23Tn9ul2yzJz0G+qs="
    },
    "is-date-object": {
      "version": "1.0.2",
      "resolved": "https://registry.npm.taobao.org/is-date-object/download/is-date-object-1.0.2.tgz?cache=0&sync_timestamp=1576729293199&other_urls=https%3A%2F%2Fregistry.npm.taobao.org%2Fis-date-object%2Fdownload%2Fis-date-object-1.0.2.tgz",
      "integrity": "sha1-vac28s2P0G0yhE53Q7+nSUw7/X4="
    },
    "is-regex": {
      "version": "1.0.5",
      "resolved": "https://registry.npm.taobao.org/is-regex/download/is-regex-1.0.5.tgz",
      "integrity": "sha1-OdWJo1i/GJZ/cmlnEguPwa7XTq4=",
      "requires": {
        "has": "1.0.3"
      }
    },
    "is-symbol": {
      "version": "1.0.3",
      "resolved": "https://registry.npm.taobao.org/is-symbol/download/is-symbol-1.0.3.tgz",
      "integrity": "sha1-OOEBS55jKb4N6dJKQU/XRB7GGTc=",
      "requires": {
        "has-symbols": "1.0.1"
      }
    },
    "object-assign": {
      "version": "4.1.1",
      "resolved": "https://registry.npm.taobao.org/object-assign/download/object-assign-4.1.1.tgz",
      "integrity": "sha1-IQmtx5ZYh8/AXLvUQsrIv7s2CGM="
    },
    "object-inspect": {
      "version": "1.7.0",
      "resolved": "https://registry.npm.taobao.org/object-inspect/download/object-inspect-1.7.0.tgz?cache=0&other_urls=https%3A%2F%2Fregistry.npm.taobao.org%2Fobject-inspect%2Fdownload%2Fobject-inspect-1.7.0.tgz",
      "integrity": "sha1-9Pa9GBrXfwBrXs5gvQtvOY/3Smc="
    },
    "object-is": {
      "version": "1.0.2",
      "resolved": "https://registry.npm.taobao.org/object-is/download/object-is-1.0.2.tgz?cache=0&other_urls=https%3A%2F%2Fregistry.npm.taobao.org%2Fobject-is%2Fdownload%2Fobject-is-1.0.2.tgz",
      "integrity": "sha1-a4DrhP5FFJj2UAeYLwNaW0Re3sQ="
    },
    "object-keys": {
      "version": "1.1.1",
      "resolved": "https://registry.npm.taobao.org/object-keys/download/object-keys-1.1.1.tgz",
      "integrity": "sha1-HEfyct8nfzsdrwYWd9nILiMixg4="
    },
    "object.assign": {
      "version": "4.1.0",
      "resolved": "https://registry.npm.taobao.org/object.assign/download/object.assign-4.1.0.tgz",
      "integrity": "sha1-lovxEA15Vrs8oIbwBvhGs7xACNo=",
      "requires": {
        "define-properties": "1.1.3",
        "function-bind": "1.1.1",
        "has-symbols": "1.0.1",
        "object-keys": "1.1.1"
      }
    },
    "parchment": {
      "version": "1.1.4",
      "resolved": "https://registry.npm.taobao.org/parchment/download/parchment-1.1.4.tgz",
      "integrity": "sha1-rt7Xq5OP6SHUw0vDOc4RaLwv/eU="
    },
    "quill": {
      "version": "1.3.7",
      "resolved": "https://registry.npm.taobao.org/quill/download/quill-1.3.7.tgz?cache=0&sync_timestamp=1568013373674&other_urls=https%3A%2F%2Fregistry.npm.taobao.org%2Fquill%2Fdownload%2Fquill-1.3.7.tgz",
      "integrity": "sha1-2lsvOixHDpMjQM2/NmjJ8h+Shug=",
      "requires": {
        "clone": "2.1.2",
        "deep-equal": "1.1.1",
        "eventemitter3": "2.0.3",
        "extend": "3.0.2",
        "parchment": "1.1.4",
        "quill-delta": "3.6.3"
      }
    },
    "quill-delta": {
      "version": "3.6.3",
      "resolved": "https://registry.npm.taobao.org/quill-delta/download/quill-delta-3.6.3.tgz",
      "integrity": "sha1-sZ/SuJQSMBxg4f8hPY2GDqwPEDI=",
      "requires": {
        "deep-equal": "1.1.1",
        "extend": "3.0.2",
        "fast-diff": "1.1.2"
      }
    },
    "regexp.prototype.flags": {
      "version": "1.3.0",
      "resolved": "https://registry.npm.taobao.org/regexp.prototype.flags/download/regexp.prototype.flags-1.3.0.tgz",
      "integrity": "sha1-erqJs8E6ZFCdq888qNn7ub31y3U=",
      "requires": {
        "define-properties": "1.1.3",
        "es-abstract": "1.17.4"
      }
    },
    "string.prototype.trimleft": {
      "version": "2.1.1",
      "resolved": "https://registry.npm.taobao.org/string.prototype.trimleft/download/string.prototype.trimleft-2.1.1.tgz",
      "integrity": "sha1-m9uKxqvW1gKxek7TIYcNL43O/HQ=",
      "requires": {
        "define-properties": "1.1.3",
        "function-bind": "1.1.1"
      }
    },
    "string.prototype.trimright": {
      "version": "2.1.1",
      "resolved": "https://registry.npm.taobao.org/string.prototype.trimright/download/string.prototype.trimright-2.1.1.tgz",
      "integrity": "sha1-RAMUsVmWyGbOigNBiU1FGGIAxdk=",
      "requires": {
        "define-properties": "1.1.3",
        "function-bind": "1.1.1"
      }
    },
    "vue-quill-editor": {
      "version": "3.0.6",
      "resolved": "https://registry.npm.taobao.org/vue-quill-editor/download/vue-quill-editor-3.0.6.tgz",
      "integrity": "sha1-H4VkYhHWijGoCnLLf0W7LxGbyPs=",
      "requires": {
        "object-assign": "4.1.1",
        "quill": "1.3.7"
      }
    }
  }
}
